
Microsoft Visual Studio Solution File, Format Version 12.00
# Visual Studio 15
VisualStudioVersion = 15.0.28307.1145
MinimumVisualStudioVersion = 10.0.40219.1
Project("{9A19103F-16F7-4668-BE54-9A1E7A4F7556}") = "Core_Api", "Core2_Api\Core_Api.csproj", "{2A9A6C9E-F9A9-44AD-8627-6C82C4AB82EB}"
EndProject
Global
	GlobalSection(SolutionConfigurationPlatforms) = preSolution
		Debug|Any CPU = Debug|Any CPU
		Release|Any CPU = Release|Any CPU
	EndGlobalSection
	GlobalSection(ProjectConfigurationPlatforms) = postSolution
		{2A9A6C9E-F9A9-44AD-8627-6C82C4AB82EB}.Debug|Any CPU.ActiveCfg = Debug|Any CPU
		{2A9A6C9E-F9A9-44AD-8627-6C82C4AB82EB}.Debug|Any CPU.Build.0 = Debug|Any CPU
		{2A9A6C9E-F9A9-44AD-8627-6C82C4AB82EB}.Release|Any CPU.ActiveCfg = Release|Any CPU
		{2A9A6C9E-F9A9-44AD-8627-6C82C4AB82EB}.Release|Any CPU.Build.0 = Release|Any CPU
	EndGlobalSection
	GlobalSection(SolutionProperties) = preSolution
		HideSolutionNode = FALSE
	EndGlobalSection
	GlobalSection(ExtensibilityGlobals) = postSolution
		SolutionGuid = {F608E9EC-AD8C-4C43-90AC-66ADD600CF95}
	EndGlobalSection
EndGlobal
